
Microsoft Visual Studio Solution File, Format Version 12.00
# Visual Studio Version 16
VisualStudioVersion = 16.0.30804.86
MinimumVisualStudioVersion = 10.0.40219.1
Project("{FAE04EC0-301F-11D3-BF4B-00C04F79EFBC}") = "MenuManagementSystem", "MenuManagementSystem\MenuManagementSystem.csproj", "{F60A70D6-C027-417E-B76A-FF0EB3AF9D14}"
EndProject
Global
	GlobalSection(SolutionConfigurationPlatforms) = preSolution
		Debug|Any CPU = Debug|Any CPU
		Release|Any CPU = Release|Any CPU
	EndGlobalSection
	GlobalSection(ProjectConfigurationPlatforms) = postSolution
		{F60A70D6-C027-417E-B76A-FF0EB3AF9D14}.Debug|Any CPU.ActiveCfg = Debug|Any CPU
		{F60A70D6-C027-417E-B76A-FF0EB3AF9D14}.Debug|Any CPU.Build.0 = Debug|Any CPU
		{F60A70D6-C027-417E-B76A-FF0EB3AF9D14}.Release|Any CPU.ActiveCfg = Release|Any CPU
		{F60A70D6-C027-417E-B76A-FF0EB3AF9D14}.Release|Any CPU.Build.0 = Release|Any CPU
	EndGlobalSection
	GlobalSection(SolutionProperties) = preSolution
		HideSolutionNode = FALSE
	EndGlobalSection
	GlobalSection(ExtensibilityGlobals) = postSolution
		SolutionGuid = {CDC24D00-23C8-4107-92CE-E256D251E544}
	EndGlobalSection
EndGlobal
